// !$*UTF8*$!
{
	archiveVersion = 1;
	classes = {
	};
	objectVersion = 48;
	objects = {

/* Begin PBXBuildFile section */
		11AACF851FA2DB2700B6E99E /* AppDelegate.swift in Sources */ = {isa = PBXBuildFile; fileRef = 11AACF841FA2DB2700B6E99E /* AppDelegate.swift */; };
		11AACF871FA2DB2700B6E99E /* ViewController.swift in Sources */ = {isa = PBXBuildFile; fileRef = 11AACF861FA2DB2700B6E99E /* ViewController.swift */; };
		11AACF8A1FA2DB2700B6E99E /* Main.storyboard in Resources */ = {isa = PBXBuildFile; fileRef = 11AACF881FA2DB2700B6E99E /* Main.storyboard */; };
		11AACF8C1FA2DB2700B6E99E /* Assets.xcassets in Resources */ = {isa = PBXBuildFile; fileRef = 11AACF8B1FA2DB2700B6E99E /* Assets.xcassets */; };
		11AACF8F1FA2DB2700B6E99E /* LaunchScreen.storyboard in Resources */ = {isa = PBXBuildFile; fileRef = 11AACF8D1FA2DB2700B6E99E /* LaunchScreen.storyboard */; };
/* End PBXBuildFile section */

/* Begin PBXFileReference section */
		11AACF811FA2DB2700B6E99E /* UIbuttonAnimation.app */ = {isa = PBXFileReference; explicitFileType = wrapper.application; includeInIndex = 0; path = UIbuttonAnimation.app; sourceTree = BUILT_PRODUCTS_DIR; };
		11AACF841FA2DB2700B6E99E /* AppDelegate.swift */ = {isa = PBXFileReference; lastKnownFileType = sourcecode.swift; path = AppDelegate.swift; sourceTree = "<group>"; };
		11AACF861FA2DB2700B6E99E /* ViewController.swift */ = {isa = PBXFileReference; lastKnownFileType = sourcecode.swift; path = ViewController.swift; sourceTree = "<group>"; };
		11AACF891FA2DB2700B6E99E /* Base */ = {isa = PBXFileReference; lastKnownFileType = file.storyboard; name = Base; path = Base.lproj/Main.storyboard; sourceTree = "<group>"; };
		11AACF8B1FA2DB2700B6E99E /* Assets.xcassets */ = {isa = PBXFileReference; lastKnownFileType = folder.assetcatalog; path = Assets.xcassets; sourceTree = "<group>"; };
		11AACF8E1FA2DB2700B6E99E /* Base */ = {isa = PBXFileReference; lastKnownFileType = file.storyboard; name = Base; path = Base.lproj/LaunchScreen.storyboard; sourceTree = "<group>"; };
		11AACF901FA2DB2700B6E99E /* Info.plist */ = {isa = PBXFileReference; lastKnownFileType = text.plist.xml; path = Info.plist; sourceTree = "<group>"; };
/* End PBXFileReference section */

/* Begin PBXFrameworksBuildPhase section */
		11AACF7E1FA2DB2600B6E99E /* Frameworks */ = {
			isa = PBXFrameworksBuildPhase;
			buildActionMask = 2147483647;
			files = (
			);
			runOnlyForDeploymentPostprocessing = 0;
		};
/* End PBXFrameworksBuildPhase section */

/* Begin PBXGroup section */
		11AACF781FA2DB2600B6E99E = {
			isa = PBXGroup;
			children = (
				11AACF831FA2DB2700B6E99E /* UIbuttonAnimation */,
				11AACF821FA2DB2700B6E99E /* Products */,
			);
			sourceTree = "<group>";
		};
		11AACF821FA2DB2700B6E99E /* Products */ = {
			isa = PBXGroup;
			children = (
				11AACF811FA2DB2700B6E99E /* UIbuttonAnimation.app */,
			);
			name = Products;
			sourceTree = "<group>";
		};
		11AACF831FA2DB2700B6E99E /* UIbuttonAnimation */ = {
			isa = PBXGroup;
			children = (
				11AACF841FA2DB2700B6E99E /* AppDelegate.swift */,
				11AACF861FA2DB2700B6E99E /* ViewController.swift */,
				11AACF881FA2DB2700B6E99E /* Main.storyboard */,
				11AACF8B1FA2DB2700B6E99E /* Assets.xcassets */,
				11AACF8D1FA2DB2700B6E99E /* LaunchScreen.storyboard */,
				11AACF901FA2DB2700B6E99E /* Info.plist */,
			);
			path = UIbuttonAnimation;
			sourceTree = "<group>";
		};
/* End PBXGroup section */

/* Begin PBXNativeTarget section */
		11AACF801FA2DB2600B6E99E /* UIbuttonAnimation */ = {
			isa = PBXNativeTarget;
			buildConfigurationList = 11AACF931FA2DB2700B6E99E /* Build configuration list for PBXNativeTarget "UIbuttonAnimation" */;
			buildPhases = (
				11AACF7D1FA2DB2600B6E99E /* Sources */,
				11AACF7E1FA2DB2600B6E99E /* Frameworks */,
				11AACF7F1FA2DB2600B6E99E /* Resources */,
			);
			buildRules = (
			);
			dependencies = (
			);
			name = UIbuttonAnimation;
			productName = UIbuttonAnimation;
			productReference = 11AACF811FA2DB2700B6E99E /* UIbuttonAnimation.app */;
			productType = "com.apple.product-type.application";
		};
/* End PBXNativeTarget section */

/* Begin PBXProject section */
		11AACF791FA2DB2600B6E99E /* Project object */ = {
			isa = PBXProject;
			attributes = {
				LastSwiftUpdateCheck = 0900;
				LastUpgradeCheck = 0900;
				ORGANIZATIONNAME = bcit;
				TargetAttributes = {
					11AACF801FA2DB2600B6E99E = {
						CreatedOnToolsVersion = 9.0.1;
						ProvisioningStyle = Automatic;
					};
				};
			};
			buildConfigurationList = 11AACF7C1FA2DB2600B6E99E /* Build configuration list for PBXProject "UIbuttonAnimation" */;
			compatibilityVersion = "Xcode 8.0";
			developmentRegion = en;
			hasScannedForEncodings = 0;
			knownRegions = (
				en,
				Base,
			);
			mainGroup = 11AACF781FA2DB2600B6E99E;
			productRefGroup = 11AACF821FA2DB2700B6E99E /* Products */;
			projectDirPath = "";
			projectRoot = "";
			targets = (
				11AACF801FA2DB2600B6E99E /* UIbuttonAnimation */,
			);
		};
/* End PBXProject section */

/* Begin PBXResourcesBuildPhase section */
		11AACF7F1FA2DB2600B6E99E /* Resources */ = {
			isa = PBXResourcesBuildPhase;
			buildActionMask = 2147483647;
			files = (
				11AACF8F1FA2DB2700B6E99E /* LaunchScreen.storyboard in Resources */,
				11AACF8C1FA2DB2700B6E99E /* Assets.xcassets in Resources */,
				11AACF8A1FA2DB2700B6E99E /* Main.storyboard in Resources */,
			);
			runOnlyForDeploymentPostprocessing = 0;
		};
/* End PBXResourcesBuildPhase section */

/* Begin PBXSourcesBuildPhase section */
		11AACF7D1FA2DB2600B6E99E /* Sources */ = {
			isa = PBXSourcesBuildPhase;
			buildActionMask = 2147483647;
			files = (
				11AACF871FA2DB2700B6E99E /* ViewController.swift in Sources */,
				11AACF851FA2DB2700B6E99E /* AppDelegate.swift in Sources */,
			);
			runOnlyForDeploymentPostprocessing = 0;
		};
/* End PBXSourcesBuildPhase section */

/* Begin PBXVariantGroup section */
		11AACF881FA2DB2700B6E99E /* Main.storyboard */ = {
			isa = PBXVariantGroup;
			children = (
				11AACF891FA2DB2700B6E99E /* Base */,
			);
			name = Main.storyboard;
			sourceTree = "<group>";
		};
		11AACF8D1FA2DB2700B6E99E /* LaunchScreen.storyboard */ = {
			isa = PBXVariantGroup;
			children = (
				11AACF8E1FA2DB2700B6E99E /* Base */,
			);
			name = LaunchScreen.storyboard;
			sourceTree = "<group>";
		};
/* End PBXVariantGroup section */

/* Begin XCBuildConfiguration section */
		11AACF911FA2DB2700B6E99E /* Debug */ = {
			isa = XCBuildConfiguration;
			buildSettings = {
				ALWAYS_SEARCH_USER_PATHS = NO;
				CLANG_ANALYZER_NONNULL = YES;
				CLANG_ANALYZER_NUMBER_OBJECT_CONVERSION = YES_AGGRESSIVE;
				CLANG_CXX_LANGUAGE_STANDARD = "gnu++14";
				CLANG_CXX_LIBRARY = "libc++";
				CLANG_ENABLE_MODULES = YES;
				CLANG_ENABLE_OBJC_ARC = YES;
				CLANG_WARN_BLOCK_CAPTURE_AUTORELEASING = YES;
				CLANG_WARN_BOOL_CONVERSION = YES;
				CLANG_WARN_COMMA = YES;
				CLANG_WARN_CONSTANT_CONVERSION = YES;
				CLANG_WARN_DIRECT_OBJC_ISA_USAGE = YES_ERROR;
				CLANG_WARN_DOCUMENTATION_COMMENTS = YES;
				CLANG_WARN_EMPTY_BODY = YES;
				CLANG_WARN_ENUM_CONVERSION = YES;
				CLANG_WARN_INFINITE_RECURSION = YES;
				CLANG_WARN_INT_CONVERSION = YES;
				CLANG_WARN_NON_LITERAL_NULL_CONVERSION = YES;
				CLANG_WARN_OBJC_LITERAL_CONVERSION = YES;
				CLANG_WARN_OBJC_ROOT_CLASS = YES_ERROR;
				CLANG_WARN_RANGE_LOOP_ANALYSIS = YES;
				CLANG_WARN_STRICT_PROTOTYPES = YES;
				CLANG_WARN_SUSPICIOUS_MOVE = YES;
				CLANG_WARN_UNGUARDED_AVAILABILITY = YES_AGGRESSIVE;
				CLANG_WARN_UNREACHABLE_CODE = YES;
				CLANG_WARN__DUPLICATE_METHOD_MATCH = YES;
				CODE_SIGN_IDENTITY = "iPhone Developer";
				COPY_PHASE_STRIP = NO;
				DEBUG_INFORMATION_FORMAT = dwarf;
				ENABLE_STRICT_OBJC_MSGSEND = YES;
				ENABLE_TESTABILITY = YES;
				GCC_C_LANGUAGE_STANDARD = gnu11;
				GCC_DYNAMIC_NO_PIC = NO;
				GCC_NO_COMMON_BLOCKS = YES;
				GCC_OPTIMIZATION_LEVEL = 0;
				GCC_PREPROCESSOR_DEFINITIONS = (
					"DEBUG=1",
					"$(inherited)",
				);
				GCC_WARN_64_TO_32_BIT_CONVERSION = YES;
				GCC_WARN_ABOUT_RETURN_TYPE = YES_ERROR;
				GCC_WARN_UNDECLARED_SELECTOR = YES;
				GCC_WARN_UNINITIALIZED_AUTOS = YES_AGGRESSIVE;
				GCC_WARN_UNUSED_FUNCTION = YES;
				GCC_WARN_UNUSED_VARIABLE = YES;
				IPHONEOS_DEPLOYMENT_TARGET = 11.0;
				MTL_ENABLE_DEBUG_INFO = YES;
				ONLY_ACTIVE_ARCH = YES;
				SDKROOT = iphoneos;
				SWIFT_ACTIVE_COMPILATION_CONDITIONS = DEBUG;
				SWIFT_OPTIMIZATION_LEVEL = "-Onone";
			};
			name = Debug;
		};
		11AACF921FA2DB2700B6E99E /* Release */ = {
			isa = XCBuildConfiguration;
			buildSettings = {
				ALWAYS_SEARCH_USER_PATHS = NO;
				CLANG_ANALYZER_NONNULL = YES;
				CLANG_ANALYZER_NUMBER_OBJECT_CONVERSION = YES_AGGRESSIVE;
				CLANG_CXX_LANGUAGE_STANDARD = "gnu++14";
				CLANG_CXX_LIBRARY = "libc++";
				CLANG_ENABLE_MODULES = YES;
				CLANG_ENABLE_OBJC_ARC = YES;
				CLANG_WARN_BLOCK_CAPTURE_AUTORELEASING = YES;
				CLANG_WARN_BOOL_CONVERSION = YES;
				CLANG_WARN_COMMA = YES;
				CLANG_WARN_CONSTANT_CONVERSION = YES;
				CLANG_WARN_DIRECT_OBJC_ISA_USAGE = YES_ERROR;
				CLANG_WARN_DOCUMENTATION_COMMENTS = YES;
				CLANG_WARN_EMPTY_BODY = YES;
				CLANG_WARN_ENUM_CONVERSION = YES;
				CLANG_WARN_INFINITE_RECURSION = YES;
				CLANG_WARN_INT_CONVERSION = YES;
				CLANG_WARN_NON_LITERAL_NULL_CONVERSION = YES;
				CLANG_WARN_OBJC_LITERAL_CONVERSION = YES;
				CLANG_WARN_OBJC_ROOT_CLASS = YES_ERROR;
				CLANG_WARN_RANGE_LOOP_ANALYSIS = YES;
				CLANG_WARN_STRICT_PROTOTYPES = YES;
				CLANG_WARN_SUSPICIOUS_MOVE = YES;
				CLANG_WARN_UNGUARDED_AVAILABILITY = YES_AGGRESSIVE;
				CLANG_WARN_UNREACHABLE_CODE = YES;
				CLANG_WARN__DUPLICATE_METHOD_MATCH = YES;
				CODE_SIGN_IDENTITY = "iPhone Developer";
				COPY_PHASE_STRIP = NO;
				DEBUG_INFORMATION_FORMAT = "dwarf-with-dsym";
				ENABLE_NS_ASSERTIONS = NO;
				ENABLE_STRICT_OBJC_MSGSEND = YES;
				GCC_C_LANGUAGE_STANDARD = gnu11;
				GCC_NO_COMMON_BLOCKS = YES;
				GCC_WARN_64_TO_32_BIT_CONVERSION = YES;
				GCC_WARN_ABOUT_RETURN_TYPE = YES_ERROR;
				GCC_WARN_UNDECLARED_SELECTOR = YES;
				GCC_WARN_UNINITIALIZED_AUTOS = YES_AGGRESSIVE;
				GCC_WARN_UNUSED_FUNCTION = YES;
				GCC_WARN_UNUSED_VARIABLE = YES;
				IPHONEOS_DEPLOYMENT_TARGET = 11.0;
				MTL_ENABLE_DEBUG_INFO = NO;
				SDKROOT = iphoneos;
				SWIFT_OPTIMIZATION_LEVEL = "-Owholemodule";
				VALIDATE_PRODUCT = YES;
			};
			name = Release;
		};
		11AACF941FA2DB2700B6E99E /* Debug */ = {
			isa = XCBuildConfiguration;
			buildSettings = {
				ASSETCATALOG_COMPILER_APPICON_NAME = AppIcon;
				CODE_SIGN_STYLE = Automatic;
				DEVELOPMENT_TEAM = E878DKBM82;
				INFOPLIST_FILE = UIbuttonAnimation/Info.plist;
				LD_RUNPATH_SEARCH_PATHS = "$(inherited) @executable_path/Frameworks";
				PRODUCT_BUNDLE_IDENTIFIER = "-.UIbuttonAnimation";
				PRODUCT_NAME = "$(TARGET_NAME)";
				SWIFT_VERSION = 4.0;
				TARGETED_DEVICE_FAMILY = "1,2";
			};
			name = Debug;
		};
		11AACF951FA2DB2700B6E99E /* Release */ = {
			isa = XCBuildConfiguration;
			buildSettings = {
				ASSETCATALOG_COMPILER_APPICON_NAME = AppIcon;
				CODE_SIGN_STYLE = Automatic;
				DEVELOPMENT_TEAM = E878DKBM82;
				INFOPLIST_FILE = UIbuttonAnimation/Info.plist;
				LD_RUNPATH_SEARCH_PATHS = "$(inherited) @executable_path/Frameworks";
				PRODUCT_BUNDLE_IDENTIFIER = "-.UIbuttonAnimation";
				PRODUCT_NAME = "$(TARGET_NAME)";
				SWIFT_VERSION = 4.0;
				TARGETED_DEVICE_FAMILY = "1,2";
			};
			name = Release;
		};
/* End XCBuildConfiguration section */

/* Begin XCConfigurationList section */
		11AACF7C1FA2DB2600B6E99E /* Build configuration list for PBXProject "UIbuttonAnimation" */ = {
			isa = XCConfigurationList;
			buildConfigurations = (
				11AACF911FA2DB2700B6E99E /* Debug */,
				11AACF921FA2DB2700B6E99E /* Release */,
			);
			defaultConfigurationIsVisible = 0;
			defaultConfigurationName = Release;
		};
		11AACF931FA2DB2700B6E99E /* Build configuration list for PBXNativeTarget "UIbuttonAnimation" */ = {
			isa = XCConfigurationList;
			buildConfigurations = (
				11AACF941FA2DB2700B6E99E /* Debug */,
				11AACF951FA2DB2700B6E99E /* Release */,
			);
			defaultConfigurationIsVisible = 0;
			defaultConfigurationName = Release;
		};
/* End XCConfigurationList section */
	};
	rootObject = 11AACF791FA2DB2600B6E99E /* Project object */;
}
